
Microsoft Visual Studio Solution File, Format Version 12.00
# Visual Studio Version 17
VisualStudioVersion = 17.8.34330.188
MinimumVisualStudioVersion = 10.0.40219.1
Project("{FAE04EC0-301F-11D3-BF4B-00C04F79EFBC}") = "LegendLauncher", "LegendLauncher\LegendLauncher.csproj", "{2D59F481-6B60-4892-8A09-DE8704B895A2}"
EndProject
Global
	GlobalSection(SolutionConfigurationPlatforms) = preSolution
		Debug|Any CPU = Debug|Any CPU
		Release|Any CPU = Release|Any CPU
	EndGlobalSection
	GlobalSection(ProjectConfigurationPlatforms) = postSolution
		{2D59F481-6B60-4892-8A09-DE8704B895A2}.Debug|Any CPU.ActiveCfg = Debug|Any CPU
		{2D59F481-6B60-4892-8A09-DE8704B895A2}.Debug|Any CPU.Build.0 = Debug|Any CPU
		{2D59F481-6B60-4892-8A09-DE8704B895A2}.Release|Any CPU.ActiveCfg = Release|Any CPU
		{2D59F481-6B60-4892-8A09-DE8704B895A2}.Release|Any CPU.Build.0 = Release|Any CPU
	EndGlobalSection
	GlobalSection(SolutionProperties) = preSolution
		HideSolutionNode = FALSE
	EndGlobalSection
	GlobalSection(ExtensibilityGlobals) = postSolution
		SolutionGuid = {320228C8-91C3-4E28-BB7A-B9E8FA7861E2}
	EndGlobalSection
EndGlobal
